
Microsoft Visual Studio Solution File, Format Version 12.00
# Visual Studio Version 16
VisualStudioVersion = 16.0.32228.343
MinimumVisualStudioVersion = 10.0.40219.1
Project("{FAE04EC0-301F-11D3-BF4B-00C04F79EFBC}") = "analizador", "analizador\analizador.csproj", "{1D484B6E-9561-48D6-A9E8-5282B3C0027D}"
EndProject
Project("{2150E333-8FDC-42A3-9474-1A3956D46DE8}") = "Solution Items", "Solution Items", "{8CF8B1F3-501D-46F4-85E3-236819AB07FB}"
EndProject
Global
	GlobalSection(SolutionConfigurationPlatforms) = preSolution
		Debug|Any CPU = Debug|Any CPU
		Release|Any CPU = Release|Any CPU
	EndGlobalSection
	GlobalSection(ProjectConfigurationPlatforms) = postSolution
		{1D484B6E-9561-48D6-A9E8-5282B3C0027D}.Debug|Any CPU.ActiveCfg = Debug|Any CPU
		{1D484B6E-9561-48D6-A9E8-5282B3C0027D}.Debug|Any CPU.Build.0 = Debug|Any CPU
		{1D484B6E-9561-48D6-A9E8-5282B3C0027D}.Release|Any CPU.ActiveCfg = Release|Any CPU
		{1D484B6E-9561-48D6-A9E8-5282B3C0027D}.Release|Any CPU.Build.0 = Release|Any CPU
	EndGlobalSection
	GlobalSection(SolutionProperties) = preSolution
		HideSolutionNode = FALSE
	EndGlobalSection
	GlobalSection(ExtensibilityGlobals) = postSolution
		SolutionGuid = {D6E15AE6-EA83-4979-A882-EBDDBB58238F}
	EndGlobalSection
EndGlobal
